
Microsoft Visual Studio Solution File, Format Version 12.00
# Visual Studio 14
VisualStudioVersion = 14.0.23107.0
MinimumVisualStudioVersion = 10.0.40219.1
Project("{FAE04EC0-301F-11D3-BF4B-00C04F79EFBC}") = "SisRestaurante.Entity", "SisRestaurante.Entity\SisRestaurante.Entity.csproj", "{319CDCF0-35F5-4AFF-8FC0-8828A657C26F}"
EndProject
Project("{FAE04EC0-301F-11D3-BF4B-00C04F79EFBC}") = "SisRestaurante.Domain", "SisRestaurante.Domain\SisRestaurante.Domain.csproj", "{12EEBF6F-D9AA-47E4-9319-D2549ED65A2D}"
EndProject
Project("{FAE04EC0-301F-11D3-BF4B-00C04F79EFBC}") = "SisRestaurante.Web", "SisRestaurante.Web\SisRestaurante.Web.csproj", "{F9BD59F1-56FF-46BF-9110-89052E99B3D2}"
EndProject
Global
	GlobalSection(SolutionConfigurationPlatforms) = preSolution
		Debug|Any CPU = Debug|Any CPU
		Release|Any CPU = Release|Any CPU
	EndGlobalSection
	GlobalSection(ProjectConfigurationPlatforms) = postSolution
		{319CDCF0-35F5-4AFF-8FC0-8828A657C26F}.Debug|Any CPU.ActiveCfg = Debug|Any CPU
		{319CDCF0-35F5-4AFF-8FC0-8828A657C26F}.Debug|Any CPU.Build.0 = Debug|Any CPU
		{319CDCF0-35F5-4AFF-8FC0-8828A657C26F}.Release|Any CPU.ActiveCfg = Release|Any CPU
		{319CDCF0-35F5-4AFF-8FC0-8828A657C26F}.Release|Any CPU.Build.0 = Release|Any CPU
		{12EEBF6F-D9AA-47E4-9319-D2549ED65A2D}.Debug|Any CPU.ActiveCfg = Debug|Any CPU
		{12EEBF6F-D9AA-47E4-9319-D2549ED65A2D}.Debug|Any CPU.Build.0 = Debug|Any CPU
		{12EEBF6F-D9AA-47E4-9319-D2549ED65A2D}.Release|Any CPU.ActiveCfg = Release|Any CPU
		{12EEBF6F-D9AA-47E4-9319-D2549ED65A2D}.Release|Any CPU.Build.0 = Release|Any CPU
		{F9BD59F1-56FF-46BF-9110-89052E99B3D2}.Debug|Any CPU.ActiveCfg = Debug|Any CPU
		{F9BD59F1-56FF-46BF-9110-89052E99B3D2}.Debug|Any CPU.Build.0 = Debug|Any CPU
		{F9BD59F1-56FF-46BF-9110-89052E99B3D2}.Release|Any CPU.ActiveCfg = Release|Any CPU
		{F9BD59F1-56FF-46BF-9110-89052E99B3D2}.Release|Any CPU.Build.0 = Release|Any CPU
	EndGlobalSection
	GlobalSection(SolutionProperties) = preSolution
		HideSolutionNode = FALSE
	EndGlobalSection
EndGlobal
